
Microsoft Visual Studio Solution File, Format Version 12.00
# Visual Studio Version 17
VisualStudioVersion = 17.14.36301.6 d17.14
MinimumVisualStudioVersion = 10.0.40219.1
Project("{FAE04EC0-301F-11D3-BF4B-00C04F79EFBC}") = "TriUgla", "TriUgla\TriUgla.csproj", "{83445D71-CD5A-4127-8018-BA759DC571E5}"
EndProject
Global
	GlobalSection(SolutionConfigurationPlatforms) = preSolution
		Debug|Any CPU = Debug|Any CPU
		Release|Any CPU = Release|Any CPU
	EndGlobalSection
	GlobalSection(ProjectConfigurationPlatforms) = postSolution
		{83445D71-CD5A-4127-8018-BA759DC571E5}.Debug|Any CPU.ActiveCfg = Debug|Any CPU
		{83445D71-CD5A-4127-8018-BA759DC571E5}.Debug|Any CPU.Build.0 = Debug|Any CPU
		{83445D71-CD5A-4127-8018-BA759DC571E5}.Release|Any CPU.ActiveCfg = Release|Any CPU
		{83445D71-CD5A-4127-8018-BA759DC571E5}.Release|Any CPU.Build.0 = Release|Any CPU
	EndGlobalSection
	GlobalSection(SolutionProperties) = preSolution
		HideSolutionNode = FALSE
	EndGlobalSection
	GlobalSection(ExtensibilityGlobals) = postSolution
		SolutionGuid = {F9962797-3A62-48D6-A783-F203192EA45F}
	EndGlobalSection
EndGlobal
