
Microsoft Visual Studio Solution File, Format Version 12.00
# Visual Studio Version 17
VisualStudioVersion = 17.14.36301.6 d17.14
MinimumVisualStudioVersion = 10.0.40219.1
Project("{FAE04EC0-301F-11D3-BF4B-00C04F79EFBC}") = "TriUglaMesher", "TriUglaMesher\TriUglaMesher.csproj", "{89A35F0B-A9C0-426C-B0FE-B9617099A3E1}"
EndProject
Project("{FAE04EC0-301F-11D3-BF4B-00C04F79EFBC}") = "DebugConsole", "DebugConsole\DebugConsole.csproj", "{6E4A22A9-0F09-4377-A64F-CF31E1EFD367}"
EndProject
Global
	GlobalSection(SolutionConfigurationPlatforms) = preSolution
		Debug|Any CPU = Debug|Any CPU
		Release|Any CPU = Release|Any CPU
	EndGlobalSection
	GlobalSection(ProjectConfigurationPlatforms) = postSolution
		{89A35F0B-A9C0-426C-B0FE-B9617099A3E1}.Debug|Any CPU.ActiveCfg = Debug|Any CPU
		{89A35F0B-A9C0-426C-B0FE-B9617099A3E1}.Debug|Any CPU.Build.0 = Debug|Any CPU
		{89A35F0B-A9C0-426C-B0FE-B9617099A3E1}.Release|Any CPU.ActiveCfg = Release|Any CPU
		{89A35F0B-A9C0-426C-B0FE-B9617099A3E1}.Release|Any CPU.Build.0 = Release|Any CPU
		{6E4A22A9-0F09-4377-A64F-CF31E1EFD367}.Debug|Any CPU.ActiveCfg = Debug|Any CPU
		{6E4A22A9-0F09-4377-A64F-CF31E1EFD367}.Debug|Any CPU.Build.0 = Debug|Any CPU
		{6E4A22A9-0F09-4377-A64F-CF31E1EFD367}.Release|Any CPU.ActiveCfg = Release|Any CPU
		{6E4A22A9-0F09-4377-A64F-CF31E1EFD367}.Release|Any CPU.Build.0 = Release|Any CPU
	EndGlobalSection
	GlobalSection(SolutionProperties) = preSolution
		HideSolutionNode = FALSE
	EndGlobalSection
	GlobalSection(ExtensibilityGlobals) = postSolution
		SolutionGuid = {179613C8-C0C5-4CB8-80F9-2F718357C355}
	EndGlobalSection
EndGlobal
